// !$*UTF8*$!
{
	archiveVersion = 1;
	classes = {
	};
	objectVersion = 56;
	objects = {

/* Begin PBXBuildFile section */
		3747BE212BDD0BCA0085D5B1 /* AppDelegate.swift in Sources */ = {isa = PBXBuildFile; fileRef = 3747BE202BDD0BCA0085D5B1 /* AppDelegate.swift */; };
		3747BE232BDD0BCA0085D5B1 /* SceneDelegate.swift in Sources */ = {isa = PBXBuildFile; fileRef = 3747BE222BDD0BCA0085D5B1 /* SceneDelegate.swift */; };
		3747BE252BDD0BCA0085D5B1 /* ViewController.swift in Sources */ = {isa = PBXBuildFile; fileRef = 3747BE242BDD0BCA0085D5B1 /* ViewController.swift */; };
		3747BE2A2BDD0BCB0085D5B1 /* Assets.xcassets in Resources */ = {isa = PBXBuildFile; fileRef = 3747BE292BDD0BCB0085D5B1 /* Assets.xcassets */; };
		3747BE2D2BDD0BCB0085D5B1 /* Base in Resources */ = {isa = PBXBuildFile; fileRef = 3747BE2C2BDD0BCB0085D5B1 /* Base */; };
		3747BE362BDD131E0085D5B1 /* Item.swift in Sources */ = {isa = PBXBuildFile; fileRef = 3747BE352BDD131E0085D5B1 /* Item.swift */; };
		3747BE382BDD152E0085D5B1 /* Section.swift in Sources */ = {isa = PBXBuildFile; fileRef = 3747BE372BDD152E0085D5B1 /* Section.swift */; };
		3747BE3B2BDD1D270085D5B1 /* StoryCell.swift in Sources */ = {isa = PBXBuildFile; fileRef = 3747BE3A2BDD1D270085D5B1 /* StoryCell.swift */; };
		3747BE3D2BDD1E210085D5B1 /* MessageCell.swift in Sources */ = {isa = PBXBuildFile; fileRef = 3747BE3C2BDD1E210085D5B1 /* MessageCell.swift */; };
		3747BE3F2BDD1E490085D5B1 /* BannerCell.swift in Sources */ = {isa = PBXBuildFile; fileRef = 3747BE3E2BDD1E490085D5B1 /* BannerCell.swift */; };
		3747BE412BDD1E5B0085D5B1 /* ImageCell.swift in Sources */ = {isa = PBXBuildFile; fileRef = 3747BE402BDD1E5B0085D5B1 /* ImageCell.swift */; };
		3747BE452BDD1F1F0085D5B1 /* CellProtocol.swift in Sources */ = {isa = PBXBuildFile; fileRef = 3747BE442BDD1F1F0085D5B1 /* CellProtocol.swift */; };
		3747BE492BDD20910085D5B1 /* AppUIFunctions.swift in Sources */ = {isa = PBXBuildFile; fileRef = 3747BE482BDD20910085D5B1 /* AppUIFunctions.swift */; };
		3747BE512BDE66D90085D5B1 /* ViewController.ext.swift in Sources */ = {isa = PBXBuildFile; fileRef = 3747BE502BDE66D90085D5B1 /* ViewController.ext.swift */; };
/* End PBXBuildFile section */

/* Begin PBXFileReference section */
		3747BE1D2BDD0BCA0085D5B1 /* HW10.app */ = {isa = PBXFileReference; explicitFileType = wrapper.application; includeInIndex = 0; path = HW10.app; sourceTree = BUILT_PRODUCTS_DIR; };
		3747BE202BDD0BCA0085D5B1 /* AppDelegate.swift */ = {isa = PBXFileReference; lastKnownFileType = sourcecode.swift; path = AppDelegate.swift; sourceTree = "<group>"; };
		3747BE222BDD0BCA0085D5B1 /* SceneDelegate.swift */ = {isa = PBXFileReference; lastKnownFileType = sourcecode.swift; path = SceneDelegate.swift; sourceTree = "<group>"; };
		3747BE242BDD0BCA0085D5B1 /* ViewController.swift */ = {isa = PBXFileReference; lastKnownFileType = sourcecode.swift; path = ViewController.swift; sourceTree = "<group>"; };
		3747BE292BDD0BCB0085D5B1 /* Assets.xcassets */ = {isa = PBXFileReference; lastKnownFileType = folder.assetcatalog; path = Assets.xcassets; sourceTree = "<group>"; };
		3747BE2C2BDD0BCB0085D5B1 /* Base */ = {isa = PBXFileReference; lastKnownFileType = file.storyboard; name = Base; path = Base.lproj/LaunchScreen.storyboard; sourceTree = "<group>"; };
		3747BE2E2BDD0BCB0085D5B1 /* Info.plist */ = {isa = PBXFileReference; lastKnownFileType = text.plist.xml; path = Info.plist; sourceTree = "<group>"; };
		3747BE352BDD131E0085D5B1 /* Item.swift */ = {isa = PBXFileReference; lastKnownFileType = sourcecode.swift; path = Item.swift; sourceTree = "<group>"; };
		3747BE372BDD152E0085D5B1 /* Section.swift */ = {isa = PBXFileReference; lastKnownFileType = sourcecode.swift; path = Section.swift; sourceTree = "<group>"; };
		3747BE3A2BDD1D270085D5B1 /* StoryCell.swift */ = {isa = PBXFileReference; lastKnownFileType = sourcecode.swift; path = StoryCell.swift; sourceTree = "<group>"; };
		3747BE3C2BDD1E210085D5B1 /* MessageCell.swift */ = {isa = PBXFileReference; lastKnownFileType = sourcecode.swift; path = MessageCell.swift; sourceTree = "<group>"; };
		3747BE3E2BDD1E490085D5B1 /* BannerCell.swift */ = {isa = PBXFileReference; lastKnownFileType = sourcecode.swift; path = BannerCell.swift; sourceTree = "<group>"; };
		3747BE402BDD1E5B0085D5B1 /* ImageCell.swift */ = {isa = PBXFileReference; lastKnownFileType = sourcecode.swift; path = ImageCell.swift; sourceTree = "<group>"; };
		3747BE442BDD1F1F0085D5B1 /* CellProtocol.swift */ = {isa = PBXFileReference; lastKnownFileType = sourcecode.swift; path = CellProtocol.swift; sourceTree = "<group>"; };
		3747BE482BDD20910085D5B1 /* AppUIFunctions.swift */ = {isa = PBXFileReference; lastKnownFileType = sourcecode.swift; path = AppUIFunctions.swift; sourceTree = "<group>"; };
		3747BE502BDE66D90085D5B1 /* ViewController.ext.swift */ = {isa = PBXFileReference; lastKnownFileType = sourcecode.swift; path = ViewController.ext.swift; sourceTree = "<group>"; };
/* End PBXFileReference section */

/* Begin PBXFrameworksBuildPhase section */
		3747BE1A2BDD0BCA0085D5B1 /* Frameworks */ = {
			isa = PBXFrameworksBuildPhase;
			buildActionMask = 2147483647;
			files = (
			);
			runOnlyForDeploymentPostprocessing = 0;
		};
/* End PBXFrameworksBuildPhase section */

/* Begin PBXGroup section */
		3747BE142BDD0BCA0085D5B1 = {
			isa = PBXGroup;
			children = (
				3747BE1F2BDD0BCA0085D5B1 /* HW10 */,
				3747BE1E2BDD0BCA0085D5B1 /* Products */,
			);
			sourceTree = "<group>";
		};
		3747BE1E2BDD0BCA0085D5B1 /* Products */ = {
			isa = PBXGroup;
			children = (
				3747BE1D2BDD0BCA0085D5B1 /* HW10.app */,
			);
			name = Products;
			sourceTree = "<group>";
		};
		3747BE1F2BDD0BCA0085D5B1 /* HW10 */ = {
			isa = PBXGroup;
			children = (
				3747BE482BDD20910085D5B1 /* AppUIFunctions.swift */,
				3747BE432BDD1F0D0085D5B1 /* Extensions */,
				3747BE422BDD1F040085D5B1 /* Protocols */,
				3747BE392BDD1CFD0085D5B1 /* Cells */,
				3747BE342BDD12C10085D5B1 /* Models */,
				3747BE242BDD0BCA0085D5B1 /* ViewController.swift */,
				3747BE202BDD0BCA0085D5B1 /* AppDelegate.swift */,
				3747BE222BDD0BCA0085D5B1 /* SceneDelegate.swift */,
				3747BE292BDD0BCB0085D5B1 /* Assets.xcassets */,
				3747BE2B2BDD0BCB0085D5B1 /* LaunchScreen.storyboard */,
				3747BE2E2BDD0BCB0085D5B1 /* Info.plist */,
			);
			path = HW10;
			sourceTree = "<group>";
		};
		3747BE342BDD12C10085D5B1 /* Models */ = {
			isa = PBXGroup;
			children = (
				3747BE352BDD131E0085D5B1 /* Item.swift */,
				3747BE372BDD152E0085D5B1 /* Section.swift */,
			);
			path = Models;
			sourceTree = "<group>";
		};
		3747BE392BDD1CFD0085D5B1 /* Cells */ = {
			isa = PBXGroup;
			children = (
				3747BE3A2BDD1D270085D5B1 /* StoryCell.swift */,
				3747BE3C2BDD1E210085D5B1 /* MessageCell.swift */,
				3747BE3E2BDD1E490085D5B1 /* BannerCell.swift */,
				3747BE402BDD1E5B0085D5B1 /* ImageCell.swift */,
			);
			path = Cells;
			sourceTree = "<group>";
		};
		3747BE422BDD1F040085D5B1 /* Protocols */ = {
			isa = PBXGroup;
			children = (
				3747BE442BDD1F1F0085D5B1 /* CellProtocol.swift */,
			);
			path = Protocols;
			sourceTree = "<group>";
		};
		3747BE432BDD1F0D0085D5B1 /* Extensions */ = {
			isa = PBXGroup;
			children = (
				3747BE502BDE66D90085D5B1 /* ViewController.ext.swift */,
			);
			path = Extensions;
			sourceTree = "<group>";
		};
/* End PBXGroup section */

/* Begin PBXNativeTarget section */
		3747BE1C2BDD0BCA0085D5B1 /* HW10 */ = {
			isa = PBXNativeTarget;
			buildConfigurationList = 3747BE312BDD0BCB0085D5B1 /* Build configuration list for PBXNativeTarget "HW10" */;
			buildPhases = (
				3747BE192BDD0BCA0085D5B1 /* Sources */,
				3747BE1A2BDD0BCA0085D5B1 /* Frameworks */,
				3747BE1B2BDD0BCA0085D5B1 /* Resources */,
			);
			buildRules = (
			);
			dependencies = (
			);
			name = HW10;
			productName = HW10;
			productReference = 3747BE1D2BDD0BCA0085D5B1 /* HW10.app */;
			productType = "com.apple.product-type.application";
		};
/* End PBXNativeTarget section */

/* Begin PBXProject section */
		3747BE152BDD0BCA0085D5B1 /* Project object */ = {
			isa = PBXProject;
			attributes = {
				BuildIndependentTargetsInParallel = 1;
				LastSwiftUpdateCheck = 1530;
				LastUpgradeCheck = 1530;
				TargetAttributes = {
					3747BE1C2BDD0BCA0085D5B1 = {
						CreatedOnToolsVersion = 15.3;
					};
				};
			};
			buildConfigurationList = 3747BE182BDD0BCA0085D5B1 /* Build configuration list for PBXProject "HW10" */;
			compatibilityVersion = "Xcode 14.0";
			developmentRegion = en;
			hasScannedForEncodings = 0;
			knownRegions = (
				en,
				Base,
			);
			mainGroup = 3747BE142BDD0BCA0085D5B1;
			productRefGroup = 3747BE1E2BDD0BCA0085D5B1 /* Products */;
			projectDirPath = "";
			projectRoot = "";
			targets = (
				3747BE1C2BDD0BCA0085D5B1 /* HW10 */,
			);
		};
/* End PBXProject section */

/* Begin PBXResourcesBuildPhase section */
		3747BE1B2BDD0BCA0085D5B1 /* Resources */ = {
			isa = PBXResourcesBuildPhase;
			buildActionMask = 2147483647;
			files = (
				3747BE2A2BDD0BCB0085D5B1 /* Assets.xcassets in Resources */,
				3747BE2D2BDD0BCB0085D5B1 /* Base in Resources */,
			);
			runOnlyForDeploymentPostprocessing = 0;
		};
/* End PBXResourcesBuildPhase section */

/* Begin PBXSourcesBuildPhase section */
		3747BE192BDD0BCA0085D5B1 /* Sources */ = {
			isa = PBXSourcesBuildPhase;
			buildActionMask = 2147483647;
			files = (
				3747BE382BDD152E0085D5B1 /* Section.swift in Sources */,
				3747BE362BDD131E0085D5B1 /* Item.swift in Sources */,
				3747BE412BDD1E5B0085D5B1 /* ImageCell.swift in Sources */,
				3747BE252BDD0BCA0085D5B1 /* ViewController.swift in Sources */,
				3747BE212BDD0BCA0085D5B1 /* AppDelegate.swift in Sources */,
				3747BE512BDE66D90085D5B1 /* ViewController.ext.swift in Sources */,
				3747BE232BDD0BCA0085D5B1 /* SceneDelegate.swift in Sources */,
				3747BE492BDD20910085D5B1 /* AppUIFunctions.swift in Sources */,
				3747BE3B2BDD1D270085D5B1 /* StoryCell.swift in Sources */,
				3747BE3D2BDD1E210085D5B1 /* MessageCell.swift in Sources */,
				3747BE3F2BDD1E490085D5B1 /* BannerCell.swift in Sources */,
				3747BE452BDD1F1F0085D5B1 /* CellProtocol.swift in Sources */,
			);
			runOnlyForDeploymentPostprocessing = 0;
		};
/* End PBXSourcesBuildPhase section */

/* Begin PBXVariantGroup section */
		3747BE2B2BDD0BCB0085D5B1 /* LaunchScreen.storyboard */ = {
			isa = PBXVariantGroup;
			children = (
				3747BE2C2BDD0BCB0085D5B1 /* Base */,
			);
			name = LaunchScreen.storyboard;
			sourceTree = "<group>";
		};
/* End PBXVariantGroup section */

/* Begin XCBuildConfiguration section */
		3747BE2F2BDD0BCB0085D5B1 /* Debug */ = {
			isa = XCBuildConfiguration;
			buildSettings = {
				ALWAYS_SEARCH_USER_PATHS = NO;
				ASSETCATALOG_COMPILER_GENERATE_SWIFT_ASSET_SYMBOL_EXTENSIONS = YES;
				CLANG_ANALYZER_NONNULL = YES;
				CLANG_ANALYZER_NUMBER_OBJECT_CONVERSION = YES_AGGRESSIVE;
				CLANG_CXX_LANGUAGE_STANDARD = "gnu++20";
				CLANG_ENABLE_MODULES = YES;
				CLANG_ENABLE_OBJC_ARC = YES;
				CLANG_ENABLE_OBJC_WEAK = YES;
				CLANG_WARN_BLOCK_CAPTURE_AUTORELEASING = YES;
				CLANG_WARN_BOOL_CONVERSION = YES;
				CLANG_WARN_COMMA = YES;
				CLANG_WARN_CONSTANT_CONVERSION = YES;
				CLANG_WARN_DEPRECATED_OBJC_IMPLEMENTATIONS = YES;
				CLANG_WARN_DIRECT_OBJC_ISA_USAGE = YES_ERROR;
				CLANG_WARN_DOCUMENTATION_COMMENTS = YES;
				CLANG_WARN_EMPTY_BODY = YES;
				CLANG_WARN_ENUM_CONVERSION = YES;
				CLANG_WARN_INFINITE_RECURSION = YES;
				CLANG_WARN_INT_CONVERSION = YES;
				CLANG_WARN_NON_LITERAL_NULL_CONVERSION = YES;
				CLANG_WARN_OBJC_IMPLICIT_RETAIN_SELF = YES;
				CLANG_WARN_OBJC_LITERAL_CONVERSION = YES;
				CLANG_WARN_OBJC_ROOT_CLASS = YES_ERROR;
				CLANG_WARN_QUOTED_INCLUDE_IN_FRAMEWORK_HEADER = YES;
				CLANG_WARN_RANGE_LOOP_ANALYSIS = YES;
				CLANG_WARN_STRICT_PROTOTYPES = YES;
				CLANG_WARN_SUSPICIOUS_MOVE = YES;
				CLANG_WARN_UNGUARDED_AVAILABILITY = YES_AGGRESSIVE;
				CLANG_WARN_UNREACHABLE_CODE = YES;
				CLANG_WARN__DUPLICATE_METHOD_MATCH = YES;
				COPY_PHASE_STRIP = NO;
				DEBUG_INFORMATION_FORMAT = dwarf;
				ENABLE_STRICT_OBJC_MSGSEND = YES;
				ENABLE_TESTABILITY = YES;
				ENABLE_USER_SCRIPT_SANDBOXING = YES;
				GCC_C_LANGUAGE_STANDARD = gnu17;
				GCC_DYNAMIC_NO_PIC = NO;
				GCC_NO_COMMON_BLOCKS = YES;
				GCC_OPTIMIZATION_LEVEL = 0;
				GCC_PREPROCESSOR_DEFINITIONS = (
					"DEBUG=1",
					"$(inherited)",
				);
				GCC_WARN_64_TO_32_BIT_CONVERSION = YES;
				GCC_WARN_ABOUT_RETURN_TYPE = YES_ERROR;
				GCC_WARN_UNDECLARED_SELECTOR = YES;
				GCC_WARN_UNINITIALIZED_AUTOS = YES_AGGRESSIVE;
				GCC_WARN_UNUSED_FUNCTION = YES;
				GCC_WARN_UNUSED_VARIABLE = YES;
				IPHONEOS_DEPLOYMENT_TARGET = 17.4;
				LOCALIZATION_PREFERS_STRING_CATALOGS = YES;
				MTL_ENABLE_DEBUG_INFO = INCLUDE_SOURCE;
				MTL_FAST_MATH = YES;
				ONLY_ACTIVE_ARCH = YES;
				SDKROOT = iphoneos;
				SWIFT_ACTIVE_COMPILATION_CONDITIONS = "DEBUG $(inherited)";
				SWIFT_OPTIMIZATION_LEVEL = "-Onone";
			};
			name = Debug;
		};
		3747BE302BDD0BCB0085D5B1 /* Release */ = {
			isa = XCBuildConfiguration;
			buildSettings = {
				ALWAYS_SEARCH_USER_PATHS = NO;
				ASSETCATALOG_COMPILER_GENERATE_SWIFT_ASSET_SYMBOL_EXTENSIONS = YES;
				CLANG_ANALYZER_NONNULL = YES;
				CLANG_ANALYZER_NUMBER_OBJECT_CONVERSION = YES_AGGRESSIVE;
				CLANG_CXX_LANGUAGE_STANDARD = "gnu++20";
				CLANG_ENABLE_MODULES = YES;
				CLANG_ENABLE_OBJC_ARC = YES;
				CLANG_ENABLE_OBJC_WEAK = YES;
				CLANG_WARN_BLOCK_CAPTURE_AUTORELEASING = YES;
				CLANG_WARN_BOOL_CONVERSION = YES;
				CLANG_WARN_COMMA = YES;
				CLANG_WARN_CONSTANT_CONVERSION = YES;
				CLANG_WARN_DEPRECATED_OBJC_IMPLEMENTATIONS = YES;
				CLANG_WARN_DIRECT_OBJC_ISA_USAGE = YES_ERROR;
				CLANG_WARN_DOCUMENTATION_COMMENTS = YES;
				CLANG_WARN_EMPTY_BODY = YES;
				CLANG_WARN_ENUM_CONVERSION = YES;
				CLANG_WARN_INFINITE_RECURSION = YES;
				CLANG_WARN_INT_CONVERSION = YES;
				CLANG_WARN_NON_LITERAL_NULL_CONVERSION = YES;
				CLANG_WARN_OBJC_IMPLICIT_RETAIN_SELF = YES;
				CLANG_WARN_OBJC_LITERAL_CONVERSION = YES;
				CLANG_WARN_OBJC_ROOT_CLASS = YES_ERROR;
				CLANG_WARN_QUOTED_INCLUDE_IN_FRAMEWORK_HEADER = YES;
				CLANG_WARN_RANGE_LOOP_ANALYSIS = YES;
				CLANG_WARN_STRICT_PROTOTYPES = YES;
				CLANG_WARN_SUSPICIOUS_MOVE = YES;
				CLANG_WARN_UNGUARDED_AVAILABILITY = YES_AGGRESSIVE;
				CLANG_WARN_UNREACHABLE_CODE = YES;
				CLANG_WARN__DUPLICATE_METHOD_MATCH = YES;
				COPY_PHASE_STRIP = NO;
				DEBUG_INFORMATION_FORMAT = "dwarf-with-dsym";
				ENABLE_NS_ASSERTIONS = NO;
				ENABLE_STRICT_OBJC_MSGSEND = YES;
				ENABLE_USER_SCRIPT_SANDBOXING = YES;
				GCC_C_LANGUAGE_STANDARD = gnu17;
				GCC_NO_COMMON_BLOCKS = YES;
				GCC_WARN_64_TO_32_BIT_CONVERSION = YES;
				GCC_WARN_ABOUT_RETURN_TYPE = YES_ERROR;
				GCC_WARN_UNDECLARED_SELECTOR = YES;
				GCC_WARN_UNINITIALIZED_AUTOS = YES_AGGRESSIVE;
				GCC_WARN_UNUSED_FUNCTION = YES;
				GCC_WARN_UNUSED_VARIABLE = YES;
				IPHONEOS_DEPLOYMENT_TARGET = 17.4;
				LOCALIZATION_PREFERS_STRING_CATALOGS = YES;
				MTL_ENABLE_DEBUG_INFO = NO;
				MTL_FAST_MATH = YES;
				SDKROOT = iphoneos;
				SWIFT_COMPILATION_MODE = wholemodule;
				VALIDATE_PRODUCT = YES;
			};
			name = Release;
		};
		3747BE322BDD0BCB0085D5B1 /* Debug */ = {
			isa = XCBuildConfiguration;
			buildSettings = {
				ASSETCATALOG_COMPILER_APPICON_NAME = AppIcon;
				ASSETCATALOG_COMPILER_GLOBAL_ACCENT_COLOR_NAME = AccentColor;
				CODE_SIGN_STYLE = Automatic;
				CURRENT_PROJECT_VERSION = 1;
				DEVELOPMENT_TEAM = T3Y57V3BSA;
				GENERATE_INFOPLIST_FILE = YES;
				INFOPLIST_FILE = HW10/Info.plist;
				INFOPLIST_KEY_UIApplicationSupportsIndirectInputEvents = YES;
				INFOPLIST_KEY_UILaunchStoryboardName = LaunchScreen;
				INFOPLIST_KEY_UISupportedInterfaceOrientations_iPad = "UIInterfaceOrientationPortrait UIInterfaceOrientationPortraitUpsideDown UIInterfaceOrientationLandscapeLeft UIInterfaceOrientationLandscapeRight";
				INFOPLIST_KEY_UISupportedInterfaceOrientations_iPhone = "UIInterfaceOrientationPortrait UIInterfaceOrientationLandscapeLeft UIInterfaceOrientationLandscapeRight";
				LD_RUNPATH_SEARCH_PATHS = (
					"$(inherited)",
					"@executable_path/Frameworks",
				);
				MARKETING_VERSION = 1.0;
				PRODUCT_BUNDLE_IDENTIFIER = com.grad0ff.Developer.HW10;
				PRODUCT_NAME = "$(TARGET_NAME)";
				SWIFT_EMIT_LOC_STRINGS = YES;
				SWIFT_VERSION = 5.0;
				TARGETED_DEVICE_FAMILY = "1,2";
			};
			name = Debug;
		};
		3747BE332BDD0BCB0085D5B1 /* Release */ = {
			isa = XCBuildConfiguration;
			buildSettings = {
				ASSETCATALOG_COMPILER_APPICON_NAME = AppIcon;
				ASSETCATALOG_COMPILER_GLOBAL_ACCENT_COLOR_NAME = AccentColor;
				CODE_SIGN_STYLE = Automatic;
				CURRENT_PROJECT_VERSION = 1;
				DEVELOPMENT_TEAM = T3Y57V3BSA;
				GENERATE_INFOPLIST_FILE = YES;
				INFOPLIST_FILE = HW10/Info.plist;
				INFOPLIST_KEY_UIApplicationSupportsIndirectInputEvents = YES;
				INFOPLIST_KEY_UILaunchStoryboardName = LaunchScreen;
				INFOPLIST_KEY_UISupportedInterfaceOrientations_iPad = "UIInterfaceOrientationPortrait UIInterfaceOrientationPortraitUpsideDown UIInterfaceOrientationLandscapeLeft UIInterfaceOrientationLandscapeRight";
				INFOPLIST_KEY_UISupportedInterfaceOrientations_iPhone = "UIInterfaceOrientationPortrait UIInterfaceOrientationLandscapeLeft UIInterfaceOrientationLandscapeRight";
				LD_RUNPATH_SEARCH_PATHS = (
					"$(inherited)",
					"@executable_path/Frameworks",
				);
				MARKETING_VERSION = 1.0;
				PRODUCT_BUNDLE_IDENTIFIER = com.grad0ff.Developer.HW10;
				PRODUCT_NAME = "$(TARGET_NAME)";
				SWIFT_EMIT_LOC_STRINGS = YES;
				SWIFT_VERSION = 5.0;
				TARGETED_DEVICE_FAMILY = "1,2";
			};
			name = Release;
		};
/* End XCBuildConfiguration section */

/* Begin XCConfigurationList section */
		3747BE182BDD0BCA0085D5B1 /* Build configuration list for PBXProject "HW10" */ = {
			isa = XCConfigurationList;
			buildConfigurations = (
				3747BE2F2BDD0BCB0085D5B1 /* Debug */,
				3747BE302BDD0BCB0085D5B1 /* Release */,
			);
			defaultConfigurationIsVisible = 0;
			defaultConfigurationName = Release;
		};
		3747BE312BDD0BCB0085D5B1 /* Build configuration list for PBXNativeTarget "HW10" */ = {
			isa = XCConfigurationList;
			buildConfigurations = (
				3747BE322BDD0BCB0085D5B1 /* Debug */,
				3747BE332BDD0BCB0085D5B1 /* Release */,
			);
			defaultConfigurationIsVisible = 0;
			defaultConfigurationName = Release;
		};
/* End XCConfigurationList section */
	};
	rootObject = 3747BE152BDD0BCA0085D5B1 /* Project object */;
}
